SITE
  remote: https://supermarket.getchef.com/api/v1
  specs:
    dmg (2.2.0)
    homebrew (1.9.0)

GIT
  remote: git://github.com/ajam/sprout-osx-apps.git
  ref: master
  sha: bdae286a7f6b82bf16611c9f98c8b009a6e214e7
  specs:
    sprout-osx-apps (0.1.0)
      dmg (>= 0.0.0)
      homebrew (>= 1.6.6)
      sprout-base (>= 0.0.0)

GIT
  remote: git://github.com/al-jazeera-america/sprout-rvm.git
  ref: master
  sha: 2ecd745829f44559dd921cf4fbb1e0f4a50ba3b7
  specs:
    sprout-rvm (0.1.6)
      homebrew (>= 0.0.0)
      sprout-base (>= 0.0.0)

GIT
  remote: https://github.com/pivotal-sprout/sprout-base
  ref: master
  sha: e2649562c9ca53944d80380b1d95beb9c61df60e
  specs:
    sprout-base (0.1.0)

GIT
  remote: https://github.com/pivotal-sprout/sprout-homebrew
  ref: master
  sha: 16011679968e3cb66b6772f66b4a79e6f9024561
  specs:
    sprout-homebrew (0.1.0)
      homebrew (>= 1.5.4)

GIT
  remote: https://github.com/pivotal-sprout/sprout-mysql
  ref: master
  sha: ab0136970039502acfd8855eeceae426f0073127
  specs:
    sprout-mysql (0.1.0)
      homebrew (>= 0.0.0)
      sprout-base (>= 0.0.0)

DEPENDENCIES
  sprout-base (>= 0)
  sprout-homebrew (>= 0)
  sprout-mysql (>= 0)
  sprout-osx-apps (>= 0)
  sprout-rvm (>= 0)

